
Microsoft Visual Studio Solution File, Format Version 12.00
# Visual Studio 15
VisualStudioVersion = 15.0.28307.1169
MinimumVisualStudioVersion = 10.0.40219.1
Project("{FAE04EC0-301F-11D3-BF4B-00C04F79EFBC}") = "MPharm.Android", "MPharm\MPharm.Android\MPharm.Android.csproj", "{177A4AC9-1AFC-4C11-AE90-B5CA09875592}"
EndProject
Project("{FAE04EC0-301F-11D3-BF4B-00C04F79EFBC}") = "MPharm.iOS", "MPharm\MPharm.iOS\MPharm.iOS.csproj", "{D51F45A2-A7E9-48D0-BEB9-7F311B5739E8}"
EndProject
Project("{FAE04EC0-301F-11D3-BF4B-00C04F79EFBC}") = "MPharm", "MPharm\MPharm\MPharm.csproj", "{37992B67-641A-48F6-842D-BCDADDC00E87}"
EndProject
Global
	GlobalSection(SolutionConfigurationPlatforms) = preSolution
		Ad-Hoc|Any CPU = Ad-Hoc|Any CPU
		Ad-Hoc|iPhone = Ad-Hoc|iPhone
		Ad-Hoc|iPhoneSimulator = Ad-Hoc|iPhoneSimulator
		AppStore|Any CPU = AppStore|Any CPU
		AppStore|iPhone = AppStore|iPhone
		AppStore|iPhoneSimulator = AppStore|iPhoneSimulator
		Debug|Any CPU = Debug|Any CPU
		Debug|iPhone = Debug|iPhone
		Debug|iPhoneSimulator = Debug|iPhoneSimulator
		Release|Any CPU = Release|Any CPU
		Release|iPhone = Release|iPhone
		Release|iPhoneSimulator = Release|iPhoneSimulator
	EndGlobalSection
	GlobalSection(ProjectConfigurationPlatforms) = postSolution
		{177A4AC9-1AFC-4C11-AE90-B5CA09875592}.Ad-Hoc|Any CPU.ActiveCfg = Release|Any CPU
		{177A4AC9-1AFC-4C11-AE90-B5CA09875592}.Ad-Hoc|Any CPU.Build.0 = Release|Any CPU
		{177A4AC9-1AFC-4C11-AE90-B5CA09875592}.Ad-Hoc|Any CPU.Deploy.0 = Release|Any CPU
		{177A4AC9-1AFC-4C11-AE90-B5CA09875592}.Ad-Hoc|iPhone.ActiveCfg = Release|Any CPU
		{177A4AC9-1AFC-4C11-AE90-B5CA09875592}.Ad-Hoc|iPhone.Build.0 = Release|Any CPU
		{177A4AC9-1AFC-4C11-AE90-B5CA09875592}.Ad-Hoc|iPhone.Deploy.0 = Release|Any CPU
		{177A4AC9-1AFC-4C11-AE90-B5CA09875592}.Ad-Hoc|iPhoneSimulator.ActiveCfg = Release|Any CPU
		{177A4AC9-1AFC-4C11-AE90-B5CA09875592}.Ad-Hoc|iPhoneSimulator.Build.0 = Release|Any CPU
		{177A4AC9-1AFC-4C11-AE90-B5CA09875592}.Ad-Hoc|iPhoneSimulator.Deploy.0 = Release|Any CPU
		{177A4AC9-1AFC-4C11-AE90-B5CA09875592}.AppStore|Any CPU.ActiveCfg = Release|Any CPU
		{177A4AC9-1AFC-4C11-AE90-B5CA09875592}.AppStore|Any CPU.Build.0 = Release|Any CPU
		{177A4AC9-1AFC-4C11-AE90-B5CA09875592}.AppStore|Any CPU.Deploy.0 = Release|Any CPU
		{177A4AC9-1AFC-4C11-AE90-B5CA09875592}.AppStore|iPhone.ActiveCfg = Release|Any CPU
		{177A4AC9-1AFC-4C11-AE90-B5CA09875592}.AppStore|iPhone.Build.0 = Release|Any CPU
		{177A4AC9-1AFC-4C11-AE90-B5CA09875592}.AppStore|iPhone.Deploy.0 = Release|Any CPU
		{177A4AC9-1AFC-4C11-AE90-B5CA09875592}.AppStore|iPhoneSimulator.ActiveCfg = Release|Any CPU
		{177A4AC9-1AFC-4C11-AE90-B5CA09875592}.AppStore|iPhoneSimulator.Build.0 = Release|Any CPU
		{177A4AC9-1AFC-4C11-AE90-B5CA09875592}.AppStore|iPhoneSimulator.Deploy.0 = Release|Any CPU
		{177A4AC9-1AFC-4C11-AE90-B5CA09875592}.Debug|Any CPU.ActiveCfg = Debug|Any CPU
		{177A4AC9-1AFC-4C11-AE90-B5CA09875592}.Debug|Any CPU.Build.0 = Debug|Any CPU
		{177A4AC9-1AFC-4C11-AE90-B5CA09875592}.Debug|Any CPU.Deploy.0 = Debug|Any CPU
		{177A4AC9-1AFC-4C11-AE90-B5CA09875592}.Debug|iPhone.ActiveCfg = Debug|Any CPU
		{177A4AC9-1AFC-4C11-AE90-B5CA09875592}.Debug|iPhone.Build.0 = Debug|Any CPU
		{177A4AC9-1AFC-4C11-AE90-B5CA09875592}.Debug|iPhone.Deploy.0 = Debug|Any CPU
		{177A4AC9-1AFC-4C11-AE90-B5CA09875592}.Debug|iPhoneSimulator.ActiveCfg = Debug|Any CPU
		{177A4AC9-1AFC-4C11-AE90-B5CA09875592}.Debug|iPhoneSimulator.Build.0 = Debug|Any CPU
		{177A4AC9-1AFC-4C11-AE90-B5CA09875592}.Debug|iPhoneSimulator.Deploy.0 = Debug|Any CPU
		{177A4AC9-1AFC-4C11-AE90-B5CA09875592}.Release|Any CPU.ActiveCfg = Release|Any CPU
		{177A4AC9-1AFC-4C11-AE90-B5CA09875592}.Release|Any CPU.Build.0 = Release|Any CPU
		{177A4AC9-1AFC-4C11-AE90-B5CA09875592}.Release|Any CPU.Deploy.0 = Release|Any CPU
		{177A4AC9-1AFC-4C11-AE90-B5CA09875592}.Release|iPhone.ActiveCfg = Release|Any CPU
		{177A4AC9-1AFC-4C11-AE90-B5CA09875592}.Release|iPhone.Build.0 = Release|Any CPU
		{177A4AC9-1AFC-4C11-AE90-B5CA09875592}.Release|iPhone.Deploy.0 = Release|Any CPU
		{177A4AC9-1AFC-4C11-AE90-B5CA09875592}.Release|iPhoneSimulator.ActiveCfg = Release|Any CPU
		{177A4AC9-1AFC-4C11-AE90-B5CA09875592}.Release|iPhoneSimulator.Build.0 = Release|Any CPU
		{177A4AC9-1AFC-4C11-AE90-B5CA09875592}.Release|iPhoneSimulator.Deploy.0 = Release|Any CPU
		{D51F45A2-A7E9-48D0-BEB9-7F311B5739E8}.Ad-Hoc|Any CPU.ActiveCfg = Ad-Hoc|iPhone
		{D51F45A2-A7E9-48D0-BEB9-7F311B5739E8}.Ad-Hoc|Any CPU.Build.0 = Ad-Hoc|iPhone
		{D51F45A2-A7E9-48D0-BEB9-7F311B5739E8}.Ad-Hoc|Any CPU.Deploy.0 = Ad-Hoc|iPhone
		{D51F45A2-A7E9-48D0-BEB9-7F311B5739E8}.Ad-Hoc|iPhone.ActiveCfg = Ad-Hoc|iPhone
		{D51F45A2-A7E9-48D0-BEB9-7F311B5739E8}.Ad-Hoc|iPhone.Build.0 = Ad-Hoc|iPhone
		{D51F45A2-A7E9-48D0-BEB9-7F311B5739E8}.Ad-Hoc|iPhone.Deploy.0 = Ad-Hoc|iPhone
		{D51F45A2-A7E9-48D0-BEB9-7F311B5739E8}.Ad-Hoc|iPhoneSimulator.ActiveCfg = Ad-Hoc|iPhoneSimulator
		{D51F45A2-A7E9-48D0-BEB9-7F311B5739E8}.Ad-Hoc|iPhoneSimulator.Build.0 = Ad-Hoc|iPhoneSimulator
		{D51F45A2-A7E9-48D0-BEB9-7F311B5739E8}.Ad-Hoc|iPhoneSimulator.Deploy.0 = Ad-Hoc|iPhoneSimulator
		{D51F45A2-A7E9-48D0-BEB9-7F311B5739E8}.AppStore|Any CPU.ActiveCfg = AppStore|iPhone
		{D51F45A2-A7E9-48D0-BEB9-7F311B5739E8}.AppStore|Any CPU.Build.0 = AppStore|iPhone
		{D51F45A2-A7E9-48D0-BEB9-7F311B5739E8}.AppStore|Any CPU.Deploy.0 = AppStore|iPhone
		{D51F45A2-A7E9-48D0-BEB9-7F311B5739E8}.AppStore|iPhone.ActiveCfg = AppStore|iPhone
		{D51F45A2-A7E9-48D0-BEB9-7F311B5739E8}.AppStore|iPhone.Build.0 = AppStore|iPhone
		{D51F45A2-A7E9-48D0-BEB9-7F311B5739E8}.AppStore|iPhone.Deploy.0 = AppStore|iPhone
		{D51F45A2-A7E9-48D0-BEB9-7F311B5739E8}.AppStore|iPhoneSimulator.ActiveCfg = AppStore|iPhoneSimulator
		{D51F45A2-A7E9-48D0-BEB9-7F311B5739E8}.AppStore|iPhoneSimulator.Build.0 = AppStore|iPhoneSimulator
		{D51F45A2-A7E9-48D0-BEB9-7F311B5739E8}.AppStore|iPhoneSimulator.Deploy.0 = AppStore|iPhoneSimulator
		{D51F45A2-A7E9-48D0-BEB9-7F311B5739E8}.Debug|Any CPU.ActiveCfg = Debug|iPhoneSimulator
		{D51F45A2-A7E9-48D0-BEB9-7F311B5739E8}.Debug|Any CPU.Build.0 = Debug|iPhoneSimulator
		{D51F45A2-A7E9-48D0-BEB9-7F311B5739E8}.Debug|Any CPU.Deploy.0 = Debug|iPhoneSimulator
		{D51F45A2-A7E9-48D0-BEB9-7F311B5739E8}.Debug|iPhone.ActiveCfg = Debug|iPhone
		{D51F45A2-A7E9-48D0-BEB9-7F311B5739E8}.Debug|iPhone.Build.0 = Debug|iPhone
		{D51F45A2-A7E9-48D0-BEB9-7F311B5739E8}.Debug|iPhone.Deploy.0 = Debug|iPhone
		{D51F45A2-A7E9-48D0-BEB9-7F311B5739E8}.Debug|iPhoneSimulator.ActiveCfg = Debug|iPhoneSimulator
		{D51F45A2-A7E9-48D0-BEB9-7F311B5739E8}.Debug|iPhoneSimulator.Build.0 = Debug|iPhoneSimulator
		{D51F45A2-A7E9-48D0-BEB9-7F311B5739E8}.Debug|iPhoneSimulator.Deploy.0 = Debug|iPhoneSimulator
		{D51F45A2-A7E9-48D0-BEB9-7F311B5739E8}.Release|Any CPU.ActiveCfg = Release|iPhone
		{D51F45A2-A7E9-48D0-BEB9-7F311B5739E8}.Release|Any CPU.Build.0 = Release|iPhone
		{D51F45A2-A7E9-48D0-BEB9-7F311B5739E8}.Release|Any CPU.Deploy.0 = Release|iPhone
		{D51F45A2-A7E9-48D0-BEB9-7F311B5739E8}.Release|iPhone.ActiveCfg = Release|iPhone
		{D51F45A2-A7E9-48D0-BEB9-7F311B5739E8}.Release|iPhone.Build.0 = Release|iPhone
		{D51F45A2-A7E9-48D0-BEB9-7F311B5739E8}.Release|iPhone.Deploy.0 = Release|iPhone
		{D51F45A2-A7E9-48D0-BEB9-7F311B5739E8}.Release|iPhoneSimulator.ActiveCfg = Release|iPhoneSimulator
		{D51F45A2-A7E9-48D0-BEB9-7F311B5739E8}.Release|iPhoneSimulator.Build.0 = Release|iPhoneSimulator
		{D51F45A2-A7E9-48D0-BEB9-7F311B5739E8}.Release|iPhoneSimulator.Deploy.0 = Release|iPhoneSimulator
		{37992B67-641A-48F6-842D-BCDADDC00E87}.Ad-Hoc|Any CPU.ActiveCfg = Debug|Any CPU
		{37992B67-641A-48F6-842D-BCDADDC00E87}.Ad-Hoc|Any CPU.Build.0 = Debug|Any CPU
		{37992B67-641A-48F6-842D-BCDADDC00E87}.Ad-Hoc|Any CPU.Deploy.0 = Debug|Any CPU
		{37992B67-641A-48F6-842D-BCDADDC00E87}.Ad-Hoc|iPhone.ActiveCfg = Debug|Any CPU
		{37992B67-641A-48F6-842D-BCDADDC00E87}.Ad-Hoc|iPhone.Build.0 = Debug|Any CPU
		{37992B67-641A-48F6-842D-BCDADDC00E87}.Ad-Hoc|iPhone.Deploy.0 = Debug|Any CPU
		{37992B67-641A-48F6-842D-BCDADDC00E87}.Ad-Hoc|iPhoneSimulator.ActiveCfg = Debug|Any CPU
		{37992B67-641A-48F6-842D-BCDADDC00E87}.Ad-Hoc|iPhoneSimulator.Build.0 = Debug|Any CPU
		{37992B67-641A-48F6-842D-BCDADDC00E87}.Ad-Hoc|iPhoneSimulator.Deploy.0 = Debug|Any CPU
		{37992B67-641A-48F6-842D-BCDADDC00E87}.AppStore|Any CPU.ActiveCfg = Debug|Any CPU
		{37992B67-641A-48F6-842D-BCDADDC00E87}.AppStore|Any CPU.Build.0 = Debug|Any CPU
		{37992B67-641A-48F6-842D-BCDADDC00E87}.AppStore|Any CPU.Deploy.0 = Debug|Any CPU
		{37992B67-641A-48F6-842D-BCDADDC00E87}.AppStore|iPhone.ActiveCfg = Debug|Any CPU
		{37992B67-641A-48F6-842D-BCDADDC00E87}.AppStore|iPhone.Build.0 = Debug|Any CPU
		{37992B67-641A-48F6-842D-BCDADDC00E87}.AppStore|iPhone.Deploy.0 = Debug|Any CPU
		{37992B67-641A-48F6-842D-BCDADDC00E87}.AppStore|iPhoneSimulator.ActiveCfg = Debug|Any CPU
		{37992B67-641A-48F6-842D-BCDADDC00E87}.AppStore|iPhoneSimulator.Build.0 = Debug|Any CPU
		{37992B67-641A-48F6-842D-BCDADDC00E87}.AppStore|iPhoneSimulator.Deploy.0 = Debug|Any CPU
		{37992B67-641A-48F6-842D-BCDADDC00E87}.Debug|Any CPU.ActiveCfg = Debug|Any CPU
		{37992B67-641A-48F6-842D-BCDADDC00E87}.Debug|Any CPU.Build.0 = Debug|Any CPU
		{37992B67-641A-48F6-842D-BCDADDC00E87}.Debug|Any CPU.Deploy.0 = Debug|Any CPU
		{37992B67-641A-48F6-842D-BCDADDC00E87}.Debug|iPhone.ActiveCfg = Debug|Any CPU
		{37992B67-641A-48F6-842D-BCDADDC00E87}.Debug|iPhone.Build.0 = Debug|Any CPU
		{37992B67-641A-48F6-842D-BCDADDC00E87}.Debug|iPhone.Deploy.0 = Debug|Any CPU
		{37992B67-641A-48F6-842D-BCDADDC00E87}.Debug|iPhoneSimulator.ActiveCfg = Debug|Any CPU
		{37992B67-641A-48F6-842D-BCDADDC00E87}.Debug|iPhoneSimulator.Build.0 = Debug|Any CPU
		{37992B67-641A-48F6-842D-BCDADDC00E87}.Debug|iPhoneSimulator.Deploy.0 = Debug|Any CPU
		{37992B67-641A-48F6-842D-BCDADDC00E87}.Release|Any CPU.ActiveCfg = Release|Any CPU
		{37992B67-641A-48F6-842D-BCDADDC00E87}.Release|Any CPU.Build.0 = Release|Any CPU
		{37992B67-641A-48F6-842D-BCDADDC00E87}.Release|Any CPU.Deploy.0 = Release|Any CPU
		{37992B67-641A-48F6-842D-BCDADDC00E87}.Release|iPhone.ActiveCfg = Release|Any CPU
		{37992B67-641A-48F6-842D-BCDADDC00E87}.Release|iPhone.Build.0 = Release|Any CPU
		{37992B67-641A-48F6-842D-BCDADDC00E87}.Release|iPhone.Deploy.0 = Release|Any CPU
		{37992B67-641A-48F6-842D-BCDADDC00E87}.Release|iPhoneSimulator.ActiveCfg = Release|Any CPU
		{37992B67-641A-48F6-842D-BCDADDC00E87}.Release|iPhoneSimulator.Build.0 = Release|Any CPU
		{37992B67-641A-48F6-842D-BCDADDC00E87}.Release|iPhoneSimulator.Deploy.0 = Release|Any CPU
	EndGlobalSection
	GlobalSection(SolutionProperties) = preSolution
		HideSolutionNode = FALSE
	EndGlobalSection
	GlobalSection(ExtensibilityGlobals) = postSolution
		SolutionGuid = {972B83A9-8E67-4237-B0AA-D51BB19EBBC2}
	EndGlobalSection
EndGlobal
